
Microsoft Visual Studio Solution File, Format Version 12.00
# Visual Studio Version 16
VisualStudioVersion = 16.0.31129.286
MinimumVisualStudioVersion = 10.0.40219.1
Project("{FAE04EC0-301F-11D3-BF4B-00C04F79EFBC}") = "GameSVP", "GameSVP.csproj", "{94D9F681-CCBB-42B4-A60D-0E156BDD5AA2}"
EndProject
Global
	GlobalSection(SolutionConfigurationPlatforms) = preSolution
		Debug|Any CPU = Debug|Any CPU
		Release|Any CPU = Release|Any CPU
	EndGlobalSection
	GlobalSection(ProjectConfigurationPlatforms) = postSolution
		{94D9F681-CCBB-42B4-A60D-0E156BDD5AA2}.Debug|Any CPU.ActiveCfg = Debug|Any CPU
		{94D9F681-CCBB-42B4-A60D-0E156BDD5AA2}.Debug|Any CPU.Build.0 = Debug|Any CPU
		{94D9F681-CCBB-42B4-A60D-0E156BDD5AA2}.Release|Any CPU.ActiveCfg = Release|Any CPU
		{94D9F681-CCBB-42B4-A60D-0E156BDD5AA2}.Release|Any CPU.Build.0 = Release|Any CPU
	EndGlobalSection
	GlobalSection(SolutionProperties) = preSolution
		HideSolutionNode = FALSE
	EndGlobalSection
	GlobalSection(ExtensibilityGlobals) = postSolution
		SolutionGuid = {B617EBAD-542C-4F07-B0A9-A7D46F523AF7}
	EndGlobalSection
EndGlobal
